<?xml version="1.0" encoding="utf-8"?>
<Project ToolsVersion="4.0" xmlns="http://schemas.microsoft.com/developer/msbuild/2003">
  <ItemGroup>
    <Filter Include="源文件">
      <UniqueIdentifier>{4FC737F1-C7A5-4376-A066-2A32D752A2FF}</UniqueIdentifier>
      <Extensions>cpp;c;cc;cxx;c++;cppm;ixx;def;odl;idl;hpj;bat;asm;asmx</Extensions>
    </Filter>
    <Filter Include="头文件">
      <UniqueIdentifier>{93995380-89BD-4b04-88EB-625FBE52EBFB}</UniqueIdentifier>
      <Extensions>h;hh;hpp;hxx;h++;hm;inl;inc;ipp;xsd</Extensions>
    </Filter>
    <Filter Include="资源文件">
      <UniqueIdentifier>{67DA6AB6-F800-4c08-8B7A-83BB121AAD01}</UniqueIdentifier>
      <Extensions>rc;ico;cur;bmp;dlg;rc2;rct;bin;rgs;gif;jpg;jpeg;jpe;resx;tiff;tif;png;wav;mfcribbon-ms</Extensions>
    </Filter>
  </ItemGroup>
  <ItemGroup>
    <ClCompile Include="1.cpp">
      <Filter>源文件</Filter>
    </ClCompile>
    <ClCompile Include="2常量.cpp">
      <Filter>源文件</Filter>
    </ClCompile>
    <ClCompile Include="3sizeof.cpp">
      <Filter>源文件</Filter>
    </ClCompile>
    <ClCompile Include="4转义字符.cpp">
      <Filter>源文件</Filter>
    </ClCompile>
    <ClCompile Include="5if循环语句.cpp">
      <Filter>源文件</Filter>
    </ClCompile>
    <ClCompile Include="6while循环语句.cpp">
      <Filter>源文件</Filter>
    </ClCompile>
    <ClCompile Include="7dowhile.cpp">
      <Filter>源文件</Filter>
    </ClCompile>
    <ClCompile Include="8for循环.cpp">
      <Filter>源文件</Filter>
    </ClCompile>
    <ClCompile Include="9break.cpp">
      <Filter>源文件</Filter>
    </ClCompile>
    <ClCompile Include="10数组.cpp">
      <Filter>源文件</Filter>
    </ClCompile>
    <ClCompile Include="11一维数组案例.cpp">
      <Filter>源文件</Filter>
    </ClCompile>
    <ClCompile Include="0.cpp">
      <Filter>源文件</Filter>
    </ClCompile>
    <ClCompile Include="12冒泡排序.cpp">
      <Filter>源文件</Filter>
    </ClCompile>
    <ClCompile Include="13二维数组定义方式.cpp">
      <Filter>源文件</Filter>
    </ClCompile>
    <ClCompile Include="14函数.cpp">
      <Filter>源文件</Filter>
    </ClCompile>
    <ClCompile Include="15值传递.cpp">
      <Filter>源文件</Filter>
    </ClCompile>
    <ClCompile Include="16函数常见样式.cpp">
      <Filter>源文件</Filter>
    </ClCompile>
    <ClCompile Include="17函数的分文件编写.cpp">
      <Filter>源文件</Filter>
    </ClCompile>
    <ClCompile Include="swap.cpp">
      <Filter>源文件</Filter>
    </ClCompile>
    <ClCompile Include="18指针.cpp">
      <Filter>源文件</Filter>
    </ClCompile>
    <ClCompile Include="19指针所占内存空间.cpp">
      <Filter>源文件</Filter>
    </ClCompile>
    <ClCompile Include="20空指针.cpp">
      <Filter>源文件</Filter>
    </ClCompile>
    <ClCompile Include="21野指针.cpp">
      <Filter>源文件</Filter>
    </ClCompile>
    <ClCompile Include="22const.cpp">
      <Filter>源文件</Filter>
    </ClCompile>
    <ClCompile Include="23指针与数组.cpp">
      <Filter>源文件</Filter>
    </ClCompile>
    <ClCompile Include="24指针和函数.cpp">
      <Filter>源文件</Filter>
    </ClCompile>
    <ClCompile Include="25指针数组和函数.cpp">
      <Filter>源文件</Filter>
    </ClCompile>
    <ClCompile Include="26结构体.cpp">
      <Filter>源文件</Filter>
    </ClCompile>
    <ClCompile Include="27结构体指针.cpp">
      <Filter>源文件</Filter>
    </ClCompile>
    <ClCompile Include="28结构体做函数参数.cpp">
      <Filter>源文件</Filter>
    </ClCompile>
    <ClCompile Include="29const结构体使用.cpp">
      <Filter>源文件</Filter>
    </ClCompile>
    <ClCompile Include="30结构案例1.cpp">
      <Filter>源文件</Filter>
    </ClCompile>
    <ClCompile Include="31结构体案例2.cpp">
      <Filter>源文件</Filter>
    </ClCompile>
    <ClCompile Include="32全局区.cpp">
      <Filter>源文件</Filter>
    </ClCompile>
    <ClCompile Include="33栈区堆区.cpp">
      <Filter>源文件</Filter>
    </ClCompile>
    <ClCompile Include="34new操作符.cpp">
      <Filter>源文件</Filter>
    </ClCompile>
    <ClCompile Include="35引用的基本语法.cpp">
      <Filter>源文件</Filter>
    </ClCompile>
    <ClCompile Include="36引用做函数参数.cpp">
      <Filter>源文件</Filter>
    </ClCompile>
    <ClCompile Include="37引用做函数返回值.cpp">
      <Filter>源文件</Filter>
    </ClCompile>
    <ClCompile Include="38常量引用.cpp">
      <Filter>源文件</Filter>
    </ClCompile>
    <ClCompile Include="39函数的默认参数.cpp">
      <Filter>源文件</Filter>
    </ClCompile>
    <ClCompile Include="40函数占位参数.cpp">
      <Filter>源文件</Filter>
    </ClCompile>
    <ClCompile Include="41函数重载注意事项.cpp">
      <Filter>源文件</Filter>
    </ClCompile>
    <ClCompile Include="42封装.cpp">
      <Filter>源文件</Filter>
    </ClCompile>
    <ClCompile Include="43封装案例2.cpp">
      <Filter>源文件</Filter>
    </ClCompile>
  </ItemGroup>
  <ItemGroup>
    <ClInclude Include="swap.h">
      <Filter>源文件</Filter>
    </ClInclude>
  </ItemGroup>
</Project>